{
    "_readme": [
        "This file locks the dependencies of your project to a known state",
        "Read more about it at https://getcomposer.org/doc/01-basic-usage.md#installing-dependencies",
        "This file is @generated automatically"
    ],
    "content-hash": "bbef0b6900109c555354d369208e26e5",
    "packages": [
        {
            "name": "rsthn/rose-core",
            "version": "3.0.36",
            "source": {
                "type": "git",
                "url": "https://github.com/rsthn/rose-core.git",
                "reference": "ec621b0f25ebf28e10a5d4317b3e92c4cfa3ad8a"
            },
            "dist": {
                "type": "zip",
                "url": "https://api.github.com/repos/rsthn/rose-core/zipball/ec621b0f25ebf28e10a5d4317b3e92c4cfa3ad8a",
                "reference": "ec621b0f25ebf28e10a5d4317b3e92c4cfa3ad8a",
                "shasum": ""
            },
            "require": {
                "php": ">=7.1.0"
            },
            "type": "library",
            "autoload": {
                "psr-4": {
                    "Rose\\": "src"
                }
            },
            "notification-url": "https://packagist.org/downloads/",
            "license": [
                "Apache-2.0"
            ],
            "authors": [
                {
                    "name": "Jonathan Palencia",
                    "email": "strikeone88@rsthn.com",
                    "role": "Developer"
                }
            ],
            "description": "Rose Framework - Core",
            "homepage": "https://github.com/rsthn/rose-core",
            "time": "2020-10-10T09:50:10+00:00"
        },
        {
            "name": "rsthn/rose-ext-router",
            "version": "1.0.2",
            "source": {
                "type": "git",
                "url": "https://github.com/rsthn/rose-ext-router.git",
                "reference": "8106ad311c9aebf2b457b27c16cea63b10126f75"
            },
            "dist": {
                "type": "zip",
                "url": "https://api.github.com/repos/rsthn/rose-ext-router/zipball/8106ad311c9aebf2b457b27c16cea63b10126f75",
                "reference": "8106ad311c9aebf2b457b27c16cea63b10126f75",
                "shasum": ""
            },
            "require": {
                "rsthn/rose-extension-installer": "*"
            },
            "type": "rose-extension",
            "extra": {
                "rose-ext-identifier": "Router"
            },
            "autoload": {
                "psr-4": {
                    "Rose\\Ext\\Router\\": "."
                }
            },
            "notification-url": "https://packagist.org/downloads/",
            "license": [
                "Apache-2.0"
            ],
            "authors": [
                {
                    "name": "Jonathan Palencia",
                    "email": "strikeone88@rsthn.com"
                }
            ],
            "description": "Router Extension (Rose)",
            "time": "2020-09-20T18:57:44+00:00"
        },
        {
            "name": "rsthn/rose-ext-sentinel",
            "version": "1.0.16",
            "source": {
                "type": "git",
                "url": "https://github.com/rsthn/rose-ext-sentinel.git",
                "reference": "4037ce3199ad477ebfd1f393eb3221fa7fff7d69"
            },
            "dist": {
                "type": "zip",
                "url": "https://api.github.com/repos/rsthn/rose-ext-sentinel/zipball/4037ce3199ad477ebfd1f393eb3221fa7fff7d69",
                "reference": "4037ce3199ad477ebfd1f393eb3221fa7fff7d69",
                "shasum": ""
            },
            "require": {
                "rsthn/rose-extension-installer": "*"
            },
            "type": "rose-extension",
            "extra": {
                "rose-ext-identifier": "Sentinel"
            },
            "autoload": {
                "psr-4": {
                    "Rose\\Ext\\Sentinel\\": "."
                }
            },
            "notification-url": "https://packagist.org/downloads/",
            "license": [
                "Apache-2.0"
            ],
            "authors": [
                {
                    "name": "Jonathan Palencia",
                    "email": "strikeone88@rsthn.com"
                }
            ],
            "description": "Sentinel Authentication Extension (Wind)",
            "time": "2020-10-07T20:04:04+00:00"
        },
        {
            "name": "rsthn/rose-ext-shield",
            "version": "1.0.10",
            "source": {
                "type": "git",
                "url": "https://github.com/rsthn/rose-ext-shield.git",
                "reference": "276f48602cc1781f582f9282a58f6082278f160f"
            },
            "dist": {
                "type": "zip",
                "url": "https://api.github.com/repos/rsthn/rose-ext-shield/zipball/276f48602cc1781f582f9282a58f6082278f160f",
                "reference": "276f48602cc1781f582f9282a58f6082278f160f",
                "shasum": ""
            },
            "require": {
                "rsthn/rose-extension-installer": "*"
            },
            "type": "rose-extension",
            "extra": {
                "rose-ext-identifier": "Shield"
            },
            "autoload": {
                "psr-4": {
                    "Rose\\Ext\\Shield\\": "."
                }
            },
            "notification-url": "https://packagist.org/downloads/",
            "license": [
                "Apache-2.0"
            ],
            "authors": [
                {
                    "name": "Jonathan Palencia",
                    "email": "strikeone88@rsthn.com"
                }
            ],
            "description": "Shield Validation Extension (Wind)",
            "time": "2020-10-10T09:51:55+00:00"
        },
        {
            "name": "rsthn/rose-ext-wind",
            "version": "1.0.19",
            "source": {
                "type": "git",
                "url": "https://github.com/rsthn/rose-ext-wind.git",
                "reference": "0a85c0364d2252bf23e2f9a6f9652a25155600fb"
            },
            "dist": {
                "type": "zip",
                "url": "https://api.github.com/repos/rsthn/rose-ext-wind/zipball/0a85c0364d2252bf23e2f9a6f9652a25155600fb",
                "reference": "0a85c0364d2252bf23e2f9a6f9652a25155600fb",
                "shasum": ""
            },
            "require": {
                "rsthn/rose-extension-installer": "*"
            },
            "type": "rose-extension",
            "extra": {
                "rose-ext-identifier": "Wind"
            },
            "autoload": {
                "psr-4": {
                    "Rose\\Ext\\Wind\\": "."
                }
            },
            "notification-url": "https://packagist.org/downloads/",
            "license": [
                "Apache-2.0"
            ],
            "authors": [
                {
                    "name": "Jonathan Palencia",
                    "email": "strikeone88@rsthn.com"
                }
            ],
            "description": "Wind Web-Service Extension (Rose)",
            "time": "2020-10-10T09:54:52+00:00"
        },
        {
            "name": "rsthn/rose-extension-installer",
            "version": "1.0.6",
            "source": {
                "type": "git",
                "url": "https://github.com/rsthn/rose-extension-installer.git",
                "reference": "9746e58d389064dc9e556ef7abe742f2f52bc556"
            },
            "dist": {
                "type": "zip",
                "url": "https://api.github.com/repos/rsthn/rose-extension-installer/zipball/9746e58d389064dc9e556ef7abe742f2f52bc556",
                "reference": "9746e58d389064dc9e556ef7abe742f2f52bc556",
                "shasum": ""
            },
            "require": {
                "composer-plugin-api": "^1.0"
            },
            "require-dev": {
                "composer/composer": "^1.3"
            },
            "type": "composer-plugin",
            "extra": {
                "class": "Rose\\Composer\\ExtensionInstallerPlugin"
            },
            "autoload": {
                "psr-4": {
                    "Rose\\Composer\\": "src"
                }
            },
            "notification-url": "https://packagist.org/downloads/",
            "license": [
                "Apache-2.0"
            ],
            "authors": [
                {
                    "name": "Jonathan Palencia",
                    "email": "strikeone88@rsthn.com",
                    "role": "Developer"
                }
            ],
            "description": "Rose Framework - Extension Installer",
            "homepage": "https://github.com/rsthn/rose-extension-installer",
            "time": "2020-05-29T05:53:49+00:00"
        }
    ],
    "packages-dev": [],
    "aliases": [],
    "minimum-stability": "stable",
    "stability-flags": [],
    "prefer-stable": false,
    "prefer-lowest": false,
    "platform": [],
    "platform-dev": [],
    "plugin-api-version": "1.1.0"
}
